
Microsoft Visual Studio Solution File, Format Version 12.00
# Visual Studio 15
VisualStudioVersion = 15.0.28307.902
MinimumVisualStudioVersion = 10.0.40219.1
Project("{FAE04EC0-301F-11D3-BF4B-00C04F79EFBC}") = "Bmwa.API", "Bmwa.API\Bmwa.API.csproj", "{D73CFFC6-D86F-4215-8A09-364F54D93F8B}"
EndProject
Global
	GlobalSection(SolutionConfigurationPlatforms) = preSolution
		Debug|Any CPU = Debug|Any CPU
		Release|Any CPU = Release|Any CPU
	EndGlobalSection
	GlobalSection(ProjectConfigurationPlatforms) = postSolution
		{D73CFFC6-D86F-4215-8A09-364F54D93F8B}.Debug|Any CPU.ActiveCfg = Debug|Any CPU
		{D73CFFC6-D86F-4215-8A09-364F54D93F8B}.Debug|Any CPU.Build.0 = Debug|Any CPU
		{D73CFFC6-D86F-4215-8A09-364F54D93F8B}.Release|Any CPU.ActiveCfg = Release|Any CPU
		{D73CFFC6-D86F-4215-8A09-364F54D93F8B}.Release|Any CPU.Build.0 = Release|Any CPU
	EndGlobalSection
	GlobalSection(SolutionProperties) = preSolution
		HideSolutionNode = FALSE
	EndGlobalSection
	GlobalSection(ExtensibilityGlobals) = postSolution
		SolutionGuid = {6B2C66A0-3B72-4F04-8871-922082B0573B}
	EndGlobalSection
EndGlobal
